
Microsoft Visual Studio Solution File, Format Version 12.00
# Visual Studio Version 16
VisualStudioVersion = 16.0.29806.167
MinimumVisualStudioVersion = 10.0.40219.1
Project("{9A19103F-16F7-4668-BE54-9A1E7A4F7556}") = "Scanner.Client", "Scanner.Client\Scanner.Client.csproj", "{4A7833E0-D076-4C08-A50F-E06C38316EAA}"
EndProject
Project("{FAE04EC0-301F-11D3-BF4B-00C04F79EFBC}") = "Scanner.Client.Android", "Scanner.Client.Android\Scanner.Client.Android.csproj", "{8E171D6A-20AD-4D47-BD18-84497FCA4669}"
EndProject
Project("{FAE04EC0-301F-11D3-BF4B-00C04F79EFBC}") = "Scanner.Client.iOS", "Scanner.Client.iOS\Scanner.Client.iOS.csproj", "{8D87F81D-7F23-4757-B0A8-D61FDF1036D5}"
EndProject
Project("{9A19103F-16F7-4668-BE54-9A1E7A4F7556}") = "Scanner.Client.Model", "Scanner.Client.Model\Scanner.Client.Model.csproj", "{7BB147B7-DC8C-4037-861F-9691F7D76EF1}"
EndProject
Project("{9A19103F-16F7-4668-BE54-9A1E7A4F7556}") = "Scanner.Client.BusinessLogic", "Scanner.Client.BusinessLogic\Scanner.Client.BusinessLogic.csproj", "{20AD86A1-BD55-4E98-AF97-7D52023AA381}"
EndProject
Project("{9A19103F-16F7-4668-BE54-9A1E7A4F7556}") = "Scanner.Client.Common", "Scanner.Client.Common\Scanner.Client.Common.csproj", "{13AB28C2-977E-4C5B-869B-AC07883D24A8}"
EndProject
Project("{2150E333-8FDC-42A3-9474-1A3956D46DE8}") = "UI", "UI", "{F5D4668C-A3D9-4AC3-A22C-00AF441E5EC3}"
EndProject
Project("{FAE04EC0-301F-11D3-BF4B-00C04F79EFBC}") = "Scanner.Client.APK", "Scanner.Client.APK\Scanner.Client.APK.csproj", "{4ABDF452-50C4-499A-A935-AAFBD709D9AA}"
EndProject
Global
	GlobalSection(SolutionConfigurationPlatforms) = preSolution
		Debug|Any CPU = Debug|Any CPU
		Debug|iPhone = Debug|iPhone
		Debug|iPhoneSimulator = Debug|iPhoneSimulator
		Gorilla|Any CPU = Gorilla|Any CPU
		Gorilla|iPhone = Gorilla|iPhone
		Gorilla|iPhoneSimulator = Gorilla|iPhoneSimulator
		Release|Any CPU = Release|Any CPU
		Release|iPhone = Release|iPhone
		Release|iPhoneSimulator = Release|iPhoneSimulator
	EndGlobalSection
	GlobalSection(ProjectConfigurationPlatforms) = postSolution
		{4A7833E0-D076-4C08-A50F-E06C38316EAA}.Debug|Any CPU.ActiveCfg = Debug|Any CPU
		{4A7833E0-D076-4C08-A50F-E06C38316EAA}.Debug|Any CPU.Build.0 = Debug|Any CPU
		{4A7833E0-D076-4C08-A50F-E06C38316EAA}.Debug|iPhone.ActiveCfg = Debug|Any CPU
		{4A7833E0-D076-4C08-A50F-E06C38316EAA}.Debug|iPhone.Build.0 = Debug|Any CPU
		{4A7833E0-D076-4C08-A50F-E06C38316EAA}.Debug|iPhoneSimulator.ActiveCfg = Debug|Any CPU
		{4A7833E0-D076-4C08-A50F-E06C38316EAA}.Debug|iPhoneSimulator.Build.0 = Debug|Any CPU
		{4A7833E0-D076-4C08-A50F-E06C38316EAA}.Gorilla|Any CPU.ActiveCfg = Debug|Any CPU
		{4A7833E0-D076-4C08-A50F-E06C38316EAA}.Gorilla|Any CPU.Build.0 = Debug|Any CPU
		{4A7833E0-D076-4C08-A50F-E06C38316EAA}.Gorilla|iPhone.ActiveCfg = Gorilla|Any CPU
		{4A7833E0-D076-4C08-A50F-E06C38316EAA}.Gorilla|iPhone.Build.0 = Gorilla|Any CPU
		{4A7833E0-D076-4C08-A50F-E06C38316EAA}.Gorilla|iPhoneSimulator.ActiveCfg = Gorilla|Any CPU
		{4A7833E0-D076-4C08-A50F-E06C38316EAA}.Gorilla|iPhoneSimulator.Build.0 = Gorilla|Any CPU
		{4A7833E0-D076-4C08-A50F-E06C38316EAA}.Release|Any CPU.ActiveCfg = Release|Any CPU
		{4A7833E0-D076-4C08-A50F-E06C38316EAA}.Release|Any CPU.Build.0 = Release|Any CPU
		{4A7833E0-D076-4C08-A50F-E06C38316EAA}.Release|iPhone.ActiveCfg = Release|Any CPU
		{4A7833E0-D076-4C08-A50F-E06C38316EAA}.Release|iPhone.Build.0 = Release|Any CPU
		{4A7833E0-D076-4C08-A50F-E06C38316EAA}.Release|iPhoneSimulator.ActiveCfg = Release|Any CPU
		{4A7833E0-D076-4C08-A50F-E06C38316EAA}.Release|iPhoneSimulator.Build.0 = Release|Any CPU
		{8E171D6A-20AD-4D47-BD18-84497FCA4669}.Debug|Any CPU.ActiveCfg = Debug|Any CPU
		{8E171D6A-20AD-4D47-BD18-84497FCA4669}.Debug|Any CPU.Build.0 = Debug|Any CPU
		{8E171D6A-20AD-4D47-BD18-84497FCA4669}.Debug|Any CPU.Deploy.0 = Debug|Any CPU
		{8E171D6A-20AD-4D47-BD18-84497FCA4669}.Debug|iPhone.ActiveCfg = Debug|Any CPU
		{8E171D6A-20AD-4D47-BD18-84497FCA4669}.Debug|iPhone.Build.0 = Debug|Any CPU
		{8E171D6A-20AD-4D47-BD18-84497FCA4669}.Debug|iPhone.Deploy.0 = Debug|Any CPU
		{8E171D6A-20AD-4D47-BD18-84497FCA4669}.Debug|iPhoneSimulator.ActiveCfg = Debug|Any CPU
		{8E171D6A-20AD-4D47-BD18-84497FCA4669}.Debug|iPhoneSimulator.Build.0 = Debug|Any CPU
		{8E171D6A-20AD-4D47-BD18-84497FCA4669}.Debug|iPhoneSimulator.Deploy.0 = Debug|Any CPU
		{8E171D6A-20AD-4D47-BD18-84497FCA4669}.Gorilla|Any CPU.ActiveCfg = Gorilla|Any CPU
		{8E171D6A-20AD-4D47-BD18-84497FCA4669}.Gorilla|Any CPU.Build.0 = Gorilla|Any CPU
		{8E171D6A-20AD-4D47-BD18-84497FCA4669}.Gorilla|Any CPU.Deploy.0 = Gorilla|Any CPU
		{8E171D6A-20AD-4D47-BD18-84497FCA4669}.Gorilla|iPhone.ActiveCfg = Gorilla|Any CPU
		{8E171D6A-20AD-4D47-BD18-84497FCA4669}.Gorilla|iPhone.Build.0 = Gorilla|Any CPU
		{8E171D6A-20AD-4D47-BD18-84497FCA4669}.Gorilla|iPhone.Deploy.0 = Gorilla|Any CPU
		{8E171D6A-20AD-4D47-BD18-84497FCA4669}.Gorilla|iPhoneSimulator.ActiveCfg = Gorilla|Any CPU
		{8E171D6A-20AD-4D47-BD18-84497FCA4669}.Gorilla|iPhoneSimulator.Build.0 = Gorilla|Any CPU
		{8E171D6A-20AD-4D47-BD18-84497FCA4669}.Gorilla|iPhoneSimulator.Deploy.0 = Gorilla|Any CPU
		{8E171D6A-20AD-4D47-BD18-84497FCA4669}.Release|Any CPU.ActiveCfg = Release|Any CPU
		{8E171D6A-20AD-4D47-BD18-84497FCA4669}.Release|Any CPU.Build.0 = Release|Any CPU
		{8E171D6A-20AD-4D47-BD18-84497FCA4669}.Release|Any CPU.Deploy.0 = Release|Any CPU
		{8E171D6A-20AD-4D47-BD18-84497FCA4669}.Release|iPhone.ActiveCfg = Release|Any CPU
		{8E171D6A-20AD-4D47-BD18-84497FCA4669}.Release|iPhone.Build.0 = Release|Any CPU
		{8E171D6A-20AD-4D47-BD18-84497FCA4669}.Release|iPhone.Deploy.0 = Release|Any CPU
		{8E171D6A-20AD-4D47-BD18-84497FCA4669}.Release|iPhoneSimulator.ActiveCfg = Release|Any CPU
		{8E171D6A-20AD-4D47-BD18-84497FCA4669}.Release|iPhoneSimulator.Build.0 = Release|Any CPU
		{8E171D6A-20AD-4D47-BD18-84497FCA4669}.Release|iPhoneSimulator.Deploy.0 = Release|Any CPU
		{8D87F81D-7F23-4757-B0A8-D61FDF1036D5}.Debug|Any CPU.ActiveCfg = Debug|iPhone
		{8D87F81D-7F23-4757-B0A8-D61FDF1036D5}.Debug|iPhone.ActiveCfg = Debug|iPhone
		{8D87F81D-7F23-4757-B0A8-D61FDF1036D5}.Debug|iPhone.Build.0 = Debug|iPhone
		{8D87F81D-7F23-4757-B0A8-D61FDF1036D5}.Debug|iPhoneSimulator.ActiveCfg = Debug|iPhoneSimulator
		{8D87F81D-7F23-4757-B0A8-D61FDF1036D5}.Debug|iPhoneSimulator.Build.0 = Debug|iPhoneSimulator
		{8D87F81D-7F23-4757-B0A8-D61FDF1036D5}.Gorilla|Any CPU.ActiveCfg = Gorilla|iPhone
		{8D87F81D-7F23-4757-B0A8-D61FDF1036D5}.Gorilla|iPhone.ActiveCfg = Gorilla|iPhone
		{8D87F81D-7F23-4757-B0A8-D61FDF1036D5}.Gorilla|iPhoneSimulator.ActiveCfg = Gorilla|iPhoneSimulator
		{8D87F81D-7F23-4757-B0A8-D61FDF1036D5}.Release|Any CPU.ActiveCfg = Release|iPhone
		{8D87F81D-7F23-4757-B0A8-D61FDF1036D5}.Release|iPhone.ActiveCfg = Release|iPhone
		{8D87F81D-7F23-4757-B0A8-D61FDF1036D5}.Release|iPhone.Build.0 = Release|iPhone
		{8D87F81D-7F23-4757-B0A8-D61FDF1036D5}.Release|iPhoneSimulator.ActiveCfg = Release|iPhoneSimulator
		{8D87F81D-7F23-4757-B0A8-D61FDF1036D5}.Release|iPhoneSimulator.Build.0 = Release|iPhoneSimulator
		{7BB147B7-DC8C-4037-861F-9691F7D76EF1}.Debug|Any CPU.ActiveCfg = Debug|Any CPU
		{7BB147B7-DC8C-4037-861F-9691F7D76EF1}.Debug|Any CPU.Build.0 = Debug|Any CPU
		{7BB147B7-DC8C-4037-861F-9691F7D76EF1}.Debug|iPhone.ActiveCfg = Debug|Any CPU
		{7BB147B7-DC8C-4037-861F-9691F7D76EF1}.Debug|iPhone.Build.0 = Debug|Any CPU
		{7BB147B7-DC8C-4037-861F-9691F7D76EF1}.Debug|iPhoneSimulator.ActiveCfg = Debug|Any CPU
		{7BB147B7-DC8C-4037-861F-9691F7D76EF1}.Debug|iPhoneSimulator.Build.0 = Debug|Any CPU
		{7BB147B7-DC8C-4037-861F-9691F7D76EF1}.Gorilla|Any CPU.ActiveCfg = Debug|Any CPU
		{7BB147B7-DC8C-4037-861F-9691F7D76EF1}.Gorilla|Any CPU.Build.0 = Debug|Any CPU
		{7BB147B7-DC8C-4037-861F-9691F7D76EF1}.Gorilla|iPhone.ActiveCfg = Gorilla|Any CPU
		{7BB147B7-DC8C-4037-861F-9691F7D76EF1}.Gorilla|iPhone.Build.0 = Gorilla|Any CPU
		{7BB147B7-DC8C-4037-861F-9691F7D76EF1}.Gorilla|iPhoneSimulator.ActiveCfg = Gorilla|Any CPU
		{7BB147B7-DC8C-4037-861F-9691F7D76EF1}.Gorilla|iPhoneSimulator.Build.0 = Gorilla|Any CPU
		{7BB147B7-DC8C-4037-861F-9691F7D76EF1}.Release|Any CPU.ActiveCfg = Release|Any CPU
		{7BB147B7-DC8C-4037-861F-9691F7D76EF1}.Release|Any CPU.Build.0 = Release|Any CPU
		{7BB147B7-DC8C-4037-861F-9691F7D76EF1}.Release|iPhone.ActiveCfg = Release|Any CPU
		{7BB147B7-DC8C-4037-861F-9691F7D76EF1}.Release|iPhone.Build.0 = Release|Any CPU
		{7BB147B7-DC8C-4037-861F-9691F7D76EF1}.Release|iPhoneSimulator.ActiveCfg = Release|Any CPU
		{7BB147B7-DC8C-4037-861F-9691F7D76EF1}.Release|iPhoneSimulator.Build.0 = Release|Any CPU
		{20AD86A1-BD55-4E98-AF97-7D52023AA381}.Debug|Any CPU.ActiveCfg = Debug|Any CPU
		{20AD86A1-BD55-4E98-AF97-7D52023AA381}.Debug|Any CPU.Build.0 = Debug|Any CPU
		{20AD86A1-BD55-4E98-AF97-7D52023AA381}.Debug|iPhone.ActiveCfg = Debug|Any CPU
		{20AD86A1-BD55-4E98-AF97-7D52023AA381}.Debug|iPhone.Build.0 = Debug|Any CPU
		{20AD86A1-BD55-4E98-AF97-7D52023AA381}.Debug|iPhoneSimulator.ActiveCfg = Debug|Any CPU
		{20AD86A1-BD55-4E98-AF97-7D52023AA381}.Debug|iPhoneSimulator.Build.0 = Debug|Any CPU
		{20AD86A1-BD55-4E98-AF97-7D52023AA381}.Gorilla|Any CPU.ActiveCfg = Debug|Any CPU
		{20AD86A1-BD55-4E98-AF97-7D52023AA381}.Gorilla|Any CPU.Build.0 = Debug|Any CPU
		{20AD86A1-BD55-4E98-AF97-7D52023AA381}.Gorilla|iPhone.ActiveCfg = Gorilla|Any CPU
		{20AD86A1-BD55-4E98-AF97-7D52023AA381}.Gorilla|iPhone.Build.0 = Gorilla|Any CPU
		{20AD86A1-BD55-4E98-AF97-7D52023AA381}.Gorilla|iPhoneSimulator.ActiveCfg = Gorilla|Any CPU
		{20AD86A1-BD55-4E98-AF97-7D52023AA381}.Gorilla|iPhoneSimulator.Build.0 = Gorilla|Any CPU
		{20AD86A1-BD55-4E98-AF97-7D52023AA381}.Release|Any CPU.ActiveCfg = Release|Any CPU
		{20AD86A1-BD55-4E98-AF97-7D52023AA381}.Release|Any CPU.Build.0 = Release|Any CPU
		{20AD86A1-BD55-4E98-AF97-7D52023AA381}.Release|iPhone.ActiveCfg = Release|Any CPU
		{20AD86A1-BD55-4E98-AF97-7D52023AA381}.Release|iPhone.Build.0 = Release|Any CPU
		{20AD86A1-BD55-4E98-AF97-7D52023AA381}.Release|iPhoneSimulator.ActiveCfg = Release|Any CPU
		{20AD86A1-BD55-4E98-AF97-7D52023AA381}.Release|iPhoneSimulator.Build.0 = Release|Any CPU
		{13AB28C2-977E-4C5B-869B-AC07883D24A8}.Debug|Any CPU.ActiveCfg = Debug|Any CPU
		{13AB28C2-977E-4C5B-869B-AC07883D24A8}.Debug|Any CPU.Build.0 = Debug|Any CPU
		{13AB28C2-977E-4C5B-869B-AC07883D24A8}.Debug|iPhone.ActiveCfg = Debug|Any CPU
		{13AB28C2-977E-4C5B-869B-AC07883D24A8}.Debug|iPhone.Build.0 = Debug|Any CPU
		{13AB28C2-977E-4C5B-869B-AC07883D24A8}.Debug|iPhoneSimulator.ActiveCfg = Debug|Any CPU
		{13AB28C2-977E-4C5B-869B-AC07883D24A8}.Debug|iPhoneSimulator.Build.0 = Debug|Any CPU
		{13AB28C2-977E-4C5B-869B-AC07883D24A8}.Gorilla|Any CPU.ActiveCfg = Debug|Any CPU
		{13AB28C2-977E-4C5B-869B-AC07883D24A8}.Gorilla|Any CPU.Build.0 = Debug|Any CPU
		{13AB28C2-977E-4C5B-869B-AC07883D24A8}.Gorilla|iPhone.ActiveCfg = Gorilla|Any CPU
		{13AB28C2-977E-4C5B-869B-AC07883D24A8}.Gorilla|iPhone.Build.0 = Gorilla|Any CPU
		{13AB28C2-977E-4C5B-869B-AC07883D24A8}.Gorilla|iPhoneSimulator.ActiveCfg = Gorilla|Any CPU
		{13AB28C2-977E-4C5B-869B-AC07883D24A8}.Gorilla|iPhoneSimulator.Build.0 = Gorilla|Any CPU
		{13AB28C2-977E-4C5B-869B-AC07883D24A8}.Release|Any CPU.ActiveCfg = Release|Any CPU
		{13AB28C2-977E-4C5B-869B-AC07883D24A8}.Release|Any CPU.Build.0 = Release|Any CPU
		{13AB28C2-977E-4C5B-869B-AC07883D24A8}.Release|iPhone.ActiveCfg = Release|Any CPU
		{13AB28C2-977E-4C5B-869B-AC07883D24A8}.Release|iPhone.Build.0 = Release|Any CPU
		{13AB28C2-977E-4C5B-869B-AC07883D24A8}.Release|iPhoneSimulator.ActiveCfg = Release|Any CPU
		{13AB28C2-977E-4C5B-869B-AC07883D24A8}.Release|iPhoneSimulator.Build.0 = Release|Any CPU
		{4ABDF452-50C4-499A-A935-AAFBD709D9AA}.Debug|Any CPU.ActiveCfg = Debug|Any CPU
		{4ABDF452-50C4-499A-A935-AAFBD709D9AA}.Debug|Any CPU.Build.0 = Debug|Any CPU
		{4ABDF452-50C4-499A-A935-AAFBD709D9AA}.Debug|iPhone.ActiveCfg = Debug|Any CPU
		{4ABDF452-50C4-499A-A935-AAFBD709D9AA}.Debug|iPhone.Build.0 = Debug|Any CPU
		{4ABDF452-50C4-499A-A935-AAFBD709D9AA}.Debug|iPhoneSimulator.ActiveCfg = Debug|Any CPU
		{4ABDF452-50C4-499A-A935-AAFBD709D9AA}.Debug|iPhoneSimulator.Build.0 = Debug|Any CPU
		{4ABDF452-50C4-499A-A935-AAFBD709D9AA}.Gorilla|Any CPU.ActiveCfg = Debug|Any CPU
		{4ABDF452-50C4-499A-A935-AAFBD709D9AA}.Gorilla|Any CPU.Build.0 = Debug|Any CPU
		{4ABDF452-50C4-499A-A935-AAFBD709D9AA}.Gorilla|iPhone.ActiveCfg = Debug|Any CPU
		{4ABDF452-50C4-499A-A935-AAFBD709D9AA}.Gorilla|iPhone.Build.0 = Debug|Any CPU
		{4ABDF452-50C4-499A-A935-AAFBD709D9AA}.Gorilla|iPhoneSimulator.ActiveCfg = Debug|Any CPU
		{4ABDF452-50C4-499A-A935-AAFBD709D9AA}.Gorilla|iPhoneSimulator.Build.0 = Debug|Any CPU
		{4ABDF452-50C4-499A-A935-AAFBD709D9AA}.Release|Any CPU.ActiveCfg = Release|Any CPU
		{4ABDF452-50C4-499A-A935-AAFBD709D9AA}.Release|Any CPU.Build.0 = Release|Any CPU
		{4ABDF452-50C4-499A-A935-AAFBD709D9AA}.Release|iPhone.ActiveCfg = Release|Any CPU
		{4ABDF452-50C4-499A-A935-AAFBD709D9AA}.Release|iPhone.Build.0 = Release|Any CPU
		{4ABDF452-50C4-499A-A935-AAFBD709D9AA}.Release|iPhoneSimulator.ActiveCfg = Release|Any CPU
		{4ABDF452-50C4-499A-A935-AAFBD709D9AA}.Release|iPhoneSimulator.Build.0 = Release|Any CPU
	EndGlobalSection
	GlobalSection(SolutionProperties) = preSolution
		HideSolutionNode = FALSE
	EndGlobalSection
	GlobalSection(NestedProjects) = preSolution
		{8E171D6A-20AD-4D47-BD18-84497FCA4669} = {F5D4668C-A3D9-4AC3-A22C-00AF441E5EC3}
		{8D87F81D-7F23-4757-B0A8-D61FDF1036D5} = {F5D4668C-A3D9-4AC3-A22C-00AF441E5EC3}
	EndGlobalSection
	GlobalSection(ExtensibilityGlobals) = postSolution
		SolutionGuid = {737174DE-1208-4267-97F9-7A4110694CDA}
	EndGlobalSection
EndGlobal
